
Microsoft Visual Studio Solution File, Format Version 12.00
# Visual Studio Version 17
VisualStudioVersion = 17.11.35327.3
MinimumVisualStudioVersion = 10.0.40219.1
Project("{FAE04EC0-301F-11D3-BF4B-00C04F79EFBC}") = "Projet 320", "Projet 320\Projet 320.csproj", "{9B6F3EA4-4AC4-4B44-9F0A-5F4EE53B624A}"
EndProject
Global
	GlobalSection(SolutionConfigurationPlatforms) = preSolution
		Debug|Any CPU = Debug|Any CPU
		Release|Any CPU = Release|Any CPU
	EndGlobalSection
	GlobalSection(ProjectConfigurationPlatforms) = postSolution
		{9B6F3EA4-4AC4-4B44-9F0A-5F4EE53B624A}.Debug|Any CPU.ActiveCfg = Debug|Any CPU
		{9B6F3EA4-4AC4-4B44-9F0A-5F4EE53B624A}.Debug|Any CPU.Build.0 = Debug|Any CPU
		{9B6F3EA4-4AC4-4B44-9F0A-5F4EE53B624A}.Release|Any CPU.ActiveCfg = Release|Any CPU
		{9B6F3EA4-4AC4-4B44-9F0A-5F4EE53B624A}.Release|Any CPU.Build.0 = Release|Any CPU
	EndGlobalSection
	GlobalSection(SolutionProperties) = preSolution
		HideSolutionNode = FALSE
	EndGlobalSection
	GlobalSection(ExtensibilityGlobals) = postSolution
		SolutionGuid = {9904633F-52E1-4186-9975-26822C7272F3}
	EndGlobalSection
EndGlobal
